
Microsoft Visual Studio Solution File, Format Version 11.00
# Visual Studio 2010
Project("{FAE04EC0-301F-11D3-BF4B-00C04F79EFBC}") = "Assembly-CSharp", "Assembly-CSharp.csproj", "{6345F678-6BB7-D010-33A3-21FA41289B03}"
EndProject
Project("{FAE04EC0-301F-11D3-BF4B-00C04F79EFBC}") = "Oculus.VR", "Oculus.VR.csproj", "{ABF75F8B-94B3-0009-FDC5-34B67977B606}"
EndProject
Project("{FAE04EC0-301F-11D3-BF4B-00C04F79EFBC}") = "Assembly-CSharp-Editor", "Assembly-CSharp-Editor.csproj", "{E296235A-B3F9-4331-FFFC-0A219456B4B9}"
EndProject
Project("{FAE04EC0-301F-11D3-BF4B-00C04F79EFBC}") = "Oculus.VR.Scripts.Editor", "Oculus.VR.Scripts.Editor.csproj", "{B623C6CA-97AA-8730-37D1-258EFF5611F1}"
EndProject
Project("{FAE04EC0-301F-11D3-BF4B-00C04F79EFBC}") = "Oculus.VR.Editor", "Oculus.VR.Editor.csproj", "{6BC09C65-5F9D-8C74-5CD9-C7EEE2C5C348}"
EndProject
Global
	GlobalSection(SolutionConfigurationPlatforms) = preSolution
		Debug|Any CPU = Debug|Any CPU
		Release|Any CPU = Release|Any CPU
	EndGlobalSection
	GlobalSection(ProjectConfigurationPlatforms) = postSolution
		{6345F678-6BB7-D010-33A3-21FA41289B03}.Debug|Any CPU.ActiveCfg = Debug|Any CPU
		{6345F678-6BB7-D010-33A3-21FA41289B03}.Debug|Any CPU.Build.0 = Debug|Any CPU
		{6345F678-6BB7-D010-33A3-21FA41289B03}.Release|Any CPU.ActiveCfg = Release|Any CPU
		{6345F678-6BB7-D010-33A3-21FA41289B03}.Release|Any CPU.Build.0 = Release|Any CPU
		{ABF75F8B-94B3-0009-FDC5-34B67977B606}.Debug|Any CPU.ActiveCfg = Debug|Any CPU
		{ABF75F8B-94B3-0009-FDC5-34B67977B606}.Debug|Any CPU.Build.0 = Debug|Any CPU
		{ABF75F8B-94B3-0009-FDC5-34B67977B606}.Release|Any CPU.ActiveCfg = Release|Any CPU
		{ABF75F8B-94B3-0009-FDC5-34B67977B606}.Release|Any CPU.Build.0 = Release|Any CPU
		{E296235A-B3F9-4331-FFFC-0A219456B4B9}.Debug|Any CPU.ActiveCfg = Debug|Any CPU
		{E296235A-B3F9-4331-FFFC-0A219456B4B9}.Debug|Any CPU.Build.0 = Debug|Any CPU
		{E296235A-B3F9-4331-FFFC-0A219456B4B9}.Release|Any CPU.ActiveCfg = Release|Any CPU
		{E296235A-B3F9-4331-FFFC-0A219456B4B9}.Release|Any CPU.Build.0 = Release|Any CPU
		{B623C6CA-97AA-8730-37D1-258EFF5611F1}.Debug|Any CPU.ActiveCfg = Debug|Any CPU
		{B623C6CA-97AA-8730-37D1-258EFF5611F1}.Debug|Any CPU.Build.0 = Debug|Any CPU
		{B623C6CA-97AA-8730-37D1-258EFF5611F1}.Release|Any CPU.ActiveCfg = Release|Any CPU
		{B623C6CA-97AA-8730-37D1-258EFF5611F1}.Release|Any CPU.Build.0 = Release|Any CPU
		{6BC09C65-5F9D-8C74-5CD9-C7EEE2C5C348}.Debug|Any CPU.ActiveCfg = Debug|Any CPU
		{6BC09C65-5F9D-8C74-5CD9-C7EEE2C5C348}.Debug|Any CPU.Build.0 = Debug|Any CPU
		{6BC09C65-5F9D-8C74-5CD9-C7EEE2C5C348}.Release|Any CPU.ActiveCfg = Release|Any CPU
		{6BC09C65-5F9D-8C74-5CD9-C7EEE2C5C348}.Release|Any CPU.Build.0 = Release|Any CPU
	EndGlobalSection
	GlobalSection(SolutionProperties) = preSolution
		HideSolutionNode = FALSE
	EndGlobalSection
	GlobalSection(MonoDevelopProperties) = preSolution
		StartupItem = Assembly-CSharp.csproj
	EndGlobalSection
EndGlobal
