
Microsoft Visual Studio Solution File, Format Version 12.00
# Visual Studio 15
Project("{FAE04EC0-301F-11D3-BF4B-00C04F79EFBC}") = "Assembly-CSharp", "Assembly-CSharp.csproj", "{DCC3A318-9C1C-9768-2E34-1FD270418846}"
EndProject
Project("{FAE04EC0-301F-11D3-BF4B-00C04F79EFBC}") = "Oculus.VR", "Oculus.VR.csproj", "{E4F770A2-5C8F-1744-FD26-AB4892AF5DF8}"
EndProject
Project("{FAE04EC0-301F-11D3-BF4B-00C04F79EFBC}") = "Assembly-CSharp-Editor", "Assembly-CSharp-Editor.csproj", "{7B58BC46-DB33-8D01-FA57-99455473B177}"
EndProject
Project("{FAE04EC0-301F-11D3-BF4B-00C04F79EFBC}") = "Oculus.VR.Scripts.Editor", "Oculus.VR.Scripts.Editor.csproj", "{6B43C85C-8428-9F96-AFDF-12A2547B3DA9}"
EndProject
Project("{FAE04EC0-301F-11D3-BF4B-00C04F79EFBC}") = "Oculus.VR.Editor", "Oculus.VR.Editor.csproj", "{6C7B8CD2-2F11-9167-5076-075323DD8C06}"
EndProject
Global
	GlobalSection(SolutionConfigurationPlatforms) = preSolution
		Debug|Any CPU = Debug|Any CPU
		Release|Any CPU = Release|Any CPU
	EndGlobalSection
	GlobalSection(ProjectConfigurationPlatforms) = postSolution
		{DCC3A318-9C1C-9768-2E34-1FD270418846}.Debug|Any CPU.ActiveCfg = Debug|Any CPU
		{DCC3A318-9C1C-9768-2E34-1FD270418846}.Debug|Any CPU.Build.0 = Debug|Any CPU
		{DCC3A318-9C1C-9768-2E34-1FD270418846}.Release|Any CPU.ActiveCfg = Release|Any CPU
		{DCC3A318-9C1C-9768-2E34-1FD270418846}.Release|Any CPU.Build.0 = Release|Any CPU
		{E4F770A2-5C8F-1744-FD26-AB4892AF5DF8}.Debug|Any CPU.ActiveCfg = Debug|Any CPU
		{E4F770A2-5C8F-1744-FD26-AB4892AF5DF8}.Debug|Any CPU.Build.0 = Debug|Any CPU
		{E4F770A2-5C8F-1744-FD26-AB4892AF5DF8}.Release|Any CPU.ActiveCfg = Release|Any CPU
		{E4F770A2-5C8F-1744-FD26-AB4892AF5DF8}.Release|Any CPU.Build.0 = Release|Any CPU
		{7B58BC46-DB33-8D01-FA57-99455473B177}.Debug|Any CPU.ActiveCfg = Debug|Any CPU
		{7B58BC46-DB33-8D01-FA57-99455473B177}.Debug|Any CPU.Build.0 = Debug|Any CPU
		{7B58BC46-DB33-8D01-FA57-99455473B177}.Release|Any CPU.ActiveCfg = Release|Any CPU
		{7B58BC46-DB33-8D01-FA57-99455473B177}.Release|Any CPU.Build.0 = Release|Any CPU
		{6B43C85C-8428-9F96-AFDF-12A2547B3DA9}.Debug|Any CPU.ActiveCfg = Debug|Any CPU
		{6B43C85C-8428-9F96-AFDF-12A2547B3DA9}.Debug|Any CPU.Build.0 = Debug|Any CPU
		{6B43C85C-8428-9F96-AFDF-12A2547B3DA9}.Release|Any CPU.ActiveCfg = Release|Any CPU
		{6B43C85C-8428-9F96-AFDF-12A2547B3DA9}.Release|Any CPU.Build.0 = Release|Any CPU
		{6C7B8CD2-2F11-9167-5076-075323DD8C06}.Debug|Any CPU.ActiveCfg = Debug|Any CPU
		{6C7B8CD2-2F11-9167-5076-075323DD8C06}.Debug|Any CPU.Build.0 = Debug|Any CPU
		{6C7B8CD2-2F11-9167-5076-075323DD8C06}.Release|Any CPU.ActiveCfg = Release|Any CPU
		{6C7B8CD2-2F11-9167-5076-075323DD8C06}.Release|Any CPU.Build.0 = Release|Any CPU
	EndGlobalSection
	GlobalSection(SolutionProperties) = preSolution
		HideSolutionNode = FALSE
	EndGlobalSection
EndGlobal
